
Microsoft Visual Studio Solution File, Format Version 12.00
# Visual Studio 15
VisualStudioVersion = 15.0.27703.2042
MinimumVisualStudioVersion = 10.0.40219.1
Project("{FAE04EC0-301F-11D3-BF4B-00C04F79EFBC}") = "Publicity", "Publicity\Publicity.csproj", "{284C3788-DE23-41EA-8A6A-A8D95AB40C61}"
EndProject
Project("{FAE04EC0-301F-11D3-BF4B-00C04F79EFBC}") = "Core", "Core\Core.csproj", "{0C435BBE-DD4B-4458-A28B-DB7EBE03E6E0}"
EndProject
Global
	GlobalSection(SolutionConfigurationPlatforms) = preSolution
		Debug|Any CPU = Debug|Any CPU
		Release|Any CPU = Release|Any CPU
	EndGlobalSection
	GlobalSection(ProjectConfigurationPlatforms) = postSolution
		{284C3788-DE23-41EA-8A6A-A8D95AB40C61}.Debug|Any CPU.ActiveCfg = Debug|Any CPU
		{284C3788-DE23-41EA-8A6A-A8D95AB40C61}.Debug|Any CPU.Build.0 = Debug|Any CPU
		{284C3788-DE23-41EA-8A6A-A8D95AB40C61}.Release|Any CPU.ActiveCfg = Release|Any CPU
		{284C3788-DE23-41EA-8A6A-A8D95AB40C61}.Release|Any CPU.Build.0 = Release|Any CPU
		{0C435BBE-DD4B-4458-A28B-DB7EBE03E6E0}.Debug|Any CPU.ActiveCfg = Debug|Any CPU
		{0C435BBE-DD4B-4458-A28B-DB7EBE03E6E0}.Debug|Any CPU.Build.0 = Debug|Any CPU
		{0C435BBE-DD4B-4458-A28B-DB7EBE03E6E0}.Release|Any CPU.ActiveCfg = Release|Any CPU
		{0C435BBE-DD4B-4458-A28B-DB7EBE03E6E0}.Release|Any CPU.Build.0 = Release|Any CPU
	EndGlobalSection
	GlobalSection(SolutionProperties) = preSolution
		HideSolutionNode = FALSE
	EndGlobalSection
	GlobalSection(ExtensibilityGlobals) = postSolution
		SolutionGuid = {81D732A0-32B0-42A7-8678-6B292B43C963}
	EndGlobalSection
EndGlobal
